{
    "version": 3,
    "terraform_version": "0.11.13",
    "serial": 1,
    "lineage": "0eb2b0aa-0d7b-36ab-a86e-34b0d951210c",
    "modules": [
        {
            "path": [
                "root"
            ],
            "outputs": {},
            "resources": {
                "google_compute_firewall.nodeports": {
                    "type": "google_compute_firewall",
                    "depends_on": [],
                    "primary": {
                        "id": "node-port-range",
                        "attributes": {
                            "allow.#": "1",
                            "allow.1307041314.ports.#": "1",
                            "allow.1307041314.ports.0": "30000-32767",
                            "allow.1307041314.protocol": "tcp",
                            "deny.#": "0",
                            "description": "",
                            "destination_ranges.#": "0",
                            "id": "node-port-range",
                            "name": "node-port-range",
                            "network": "https://www.googleapis.com/compute/v1/projects/infrastructure-as-code-237009/global/networks/default",
                            "priority": "1000",
                            "project": "infrastructure-as-code-237009",
                            "self_link": "https://www.googleapis.com/compute/v1/projects/infrastructure-as-code-237009/global/firewalls/node-port-range",
                            "source_ranges.#": "1",
                            "source_ranges.1080289494": "0.0.0.0/0",
                            "source_service_accounts.#": "0",
                            "source_tags.#": "0",
                            "target_service_accounts.#": "0",
                            "target_tags.#": "0"
                        },
                        "meta": {
                            "schema_version": "1"
                        },
                        "tainted": false
                    },
                    "deposed": [],
                    "provider": "provider.google"
                },
                "google_container_cluster.primary": {
                    "type": "google_container_cluster",
                    "depends_on": [],
                    "primary": {
                        "id": "iac-tutorial-cluster",
                        "attributes": {
                            "additional_zones.#": "0",
                            "addons_config.#": "1",
                            "addons_config.0.horizontal_pod_autoscaling.#": "0",
                            "addons_config.0.http_load_balancing.#": "0",
                            "addons_config.0.kubernetes_dashboard.#": "1",
                            "addons_config.0.kubernetes_dashboard.0.disabled": "true",
                            "cluster_ipv4_cidr": "10.52.0.0/14",
                            "description": "This cluster was created as part of IaC tutorial",
                            "enable_kubernetes_alpha": "false",
                            "enable_legacy_abac": "true",
                            "endpoint": "34.76.135.97",
                            "id": "iac-tutorial-cluster",
                            "initial_node_count": "2",
                            "instance_group_urls.#": "1",
                            "instance_group_urls.0": "https://www.googleapis.com/compute/v1/projects/infrastructure-as-code-237009/zones/europe-west1-b/instanceGroups/gke-iac-tutorial-cluster-default-pool-ebaf2ce6-grp",
                            "logging_service": "logging.googleapis.com",
                            "master_auth.#": "1",
                            "master_auth.0.client_certificate": "LS0tLS1CRUdJTiBDRVJUSUZJQ0FURS0tLS0tCk1JSUMyekNDQWNPZ0F3SUJBZ0lSQUkvc0VzZVpxQ2xoQVhEa0p4OWd1STh3RFFZSktvWklodmNOQVFFTEJRQXcKTHpFdE1Dc0dBMVVFQXhNa01HUmlNek0wTnpRdE9ESm1NaTAwT1daa0xUZzFNMll0TWpnNE56RTFaRGN4TkRsbQpNQjRYRFRFNU1EUXhNREE0TWpJME9Wb1hEVEkwTURRd09EQTRNakkwT1Zvd0VURVBNQTBHQTFVRUF4TUdZMnhwClpXNTBNSUlCSWpBTkJna3Foa2lHOXcwQkFRRUZBQU9DQVE4QU1JSUJDZ0tDQVFFQXRtb20vckNZYndZTi85Z1QKTTBkRDRSZGdDdkFUNSt2SGtFcEJ5L1hNTUpEMEdOZ3BCaHJIdVkrZmhFZDFsSFFBOTBBQlFIRU5jQ21WbmRSdwpEL1JUT2hsRllQOWlsbjJUblBzRE11T2Y1Z0pXZEc5SG16VXlQQXZTbmZJUDRRNWkybUhCTHE3UnR4blpjRmp2CmFkT0QyRDJhTVRISFNEUTBuZU5HaEZLY2ZBU0F3S2c0UFdxclBHWFN6cmwyaE81N01MSGZ4ZFo0ajVlMTZ6MlUKd0EzSFRGZ2VaZkNoSm9yRHljMGx0MWViYjRKbzFnclArZ29lYWJNMjJiNEhRaTV4bW1wV1IrRGRkUmtwdThkOQpEL24yeXBlK1Vxd2FUSWptWGVhZURrdTl4WlRjeVZEMkxZQmRjaUZiMnBIMHR0K05IcTJENmFvMG1jVjNpOUdQCnRMbUhVd0lEQVFBQm94QXdEakFNQmdOVkhSTUJBZjhFQWpBQU1BMEdDU3FHU0liM0RRRUJDd1VBQTRJQkFRQ3QKdDlLQUFvUjlybTdUR1BZZkZJTENob1V5cWUrZFk1enU5Y1QzcWZLOFRWREdDc0UwLzVTVXJ5MSt2alpHTzJSUwpBLy9xY1hWZzdzVVpVU1NKNjZITURFVHVwZjlReVFjQ1gyUTErcitsZHkzOG9ydmV1RlZVU0tNbmZBZk5NRFhsClBQdDJOWk9iaUk0eFhvWmZ6eDM3VFhpNTBHUE85VTBmZzFjMVlQTW9TSTUybGNUYnlSdHdYakhDRGI5RDh1TFMKMUVMQTlDVWxvSHVmYS9RYUZmQ1haNnlROVc3bU1ZL2YwaTU2Z0gyNENzbHIxcE1PWk9ML01tbGsxcWJ1WTRIeApGai9CcjNtMkxMbktIZEVReTRNNXNGVngvRStOM0d0aWVJRUw0WkxJZHNJM1BXYzhjbzAxVThNem9WdHBvMmFEClVES29yeEk0NnR6dktKUG1ya0RSCi0tLS0tRU5EIENFUlRJRklDQVRFLS0tLS0K",
                            "master_auth.0.client_key": "LS0tLS1CRUdJTiBSU0EgUFJJVkFURSBLRVktLS0tLQpNSUlFcEFJQkFBS0NBUUVBdG1vbS9yQ1lid1lOLzlnVE0wZEQ0UmRnQ3ZBVDUrdkhrRXBCeS9YTU1KRDBHTmdwCkJockh1WStmaEVkMWxIUUE5MEFCUUhFTmNDbVZuZFJ3RC9SVE9obEZZUDlpbG4yVG5Qc0RNdU9mNWdKV2RHOUgKbXpVeVBBdlNuZklQNFE1aTJtSEJMcTdSdHhuWmNGanZhZE9EMkQyYU1USEhTRFEwbmVOR2hGS2NmQVNBd0tnNApQV3FyUEdYU3pybDJoTzU3TUxIZnhkWjRqNWUxNnoyVXdBM0hURmdlWmZDaEpvckR5YzBsdDFlYmI0Sm8xZ3JQCitnb2VhYk0yMmI0SFFpNXhtbXBXUitEZGRSa3B1OGQ5RC9uMnlwZStVcXdhVElqbVhlYWVEa3U5eFpUY3lWRDIKTFlCZGNpRmIycEgwdHQrTkhxMkQ2YW8wbWNWM2k5R1B0TG1IVXdJREFRQUJBb0lCQUVMV0JTQ25lc3FmR00wSAprZzFsVExFeUc5NFdGZTBSZmtiWGRtRXhWOVhwbm81bDBTNHI3TWNJSVNYWit2SmdTS1JQSHNaS1JlYTFUZDBNCjQ5eHNwSHZ5bTNHTlVVV2JrRlRod2N2SkRDSzk4NGhvNTM4dVVCQWhNdFB0UjdVcHpMMkFPTVNPaUVlQzRLRWgKN09MRS9aZGpCdGFFaXlSaEFIQmpRRWltYmpDZjQ4SEhyclh2TlBmeVhNQXVsRzgyb0MvUEVlSWdiMy9TV1V5bQpyZ3cxelpraU84Q3JwWFZVSzJqL1JjV2JhV2FEMi9QVTg2emF6d0diM1hMVVNBdlRKL1B1cWJ0eVNDU29uUmFGCmxIMkNabjdsck5EY0lZS09WMjlYek0xUTR4NThlZXN2cllibzY0ek4zd2Q5azZKQnpSdXdOSTJ1T0lBcmFxdSsKRmRJV2FZa0NnWUVBK1cycEJ4MHBjb0NHY01jaC9CckNGcktHTXVBZmg3VXhpQUZCWEZ3dGZTM3dLVHhzL3ltdApVdS9YY0RvaTk4eDRMc1EwZFVHNXVSWTRZd0VFWHFkV2N0YmgyOVVaaDJhQWxpdjYvKzlESnFaeWY3SzcwVzRVClhjZitzQXd4aUxTUEx1dkNQQ0xnSHF0VTAzV0hWQlJZc0w4cVZVS1czYWlLbDJhVDlqazVxTnNDZ1lFQXV6aC8KMFg2YlJEUWZBRUx0amdYUjErdmpBSGtZaFVwWHF4U3dSTFIwVlBEREoyK0lPZkRkVTRyUFMwakxLekdYbnNYRQpGaU9ia0QrbGF3WkJveHBEWWJGU25IejF1aDkwTFQ3Yzl5U3VaQVlPMlVPTGJUTTJjQjhtT2ZUdHRWL1ZYUytOCkZvVTVXRFlxY1dmTk5ucUZpNjNpWDJ4UnVLQTlCb1lXdW50b0NPa0NnWUJpN2xYZWxuaDhDL0pIQlJTN3M3bEwKMjE5VENvWTNBMjB6N3B1SUVKK1NTUWc2c3RiZ2xoMURDaEkvVnkvTGJYUTF5R2l1SVhXU3JmZUxmVG5JZVVMVwpwZGhMbzBoTzVoOFdjVGRMRUJGb1lSaUZBZFZ4Q2VKV0dCOHlvSU45SDNDelFadDIwclptTTdxZmJMeFNZd2VTCmd5QTlWUDRWeU9XL2kxWWdrUzRIaFFLQmdRQ05xSzV1SVZIeVJVMi9zT1IyTmNrVmk1SnpaUzA4allmUUZ4TlkKcVFIczAwK1dvemw4UGRmNXdtb2ZHTEZCdVlCenprZ1VTRlVJekYrcG4wNUN6emgwenVzbkpSWDVBcHV4TUlPWgpMTlFYTXM1QmJtNHM3amNlbHpNaFgwWU5tcm1pakx4QWNnVjF6V1pIOExiQnBlc3VTUitqL0IzSmlOVWovb2xzCkNMd3JJUUtCZ1FDa0gxb00zTGFzTnRTM2hRV0MvS2NiUnFObzFEZ29lQXZkeTliaEhidkRnZXlubVp0cGQ5Z0MKaXowdnlXQTNsQVZHMGJzaURvYXVRYU8zblIvSGF2STU0ZzhLbFYwZGpRV0Y4bWgvaDJOZ3J1ZzhBTWx0aWdtTApWcE1yTXdpbXBNZkxFcEhDT0NQSDAzKy95d3R3Mjc5ZzZGQ1dYNjlzM1ZmUUtVR1hJQ1ZWUGc9PQotLS0tLUVORCBSU0EgUFJJVkFURSBLRVktLS0tLQo=",
                            "master_auth.0.cluster_ca_certificate": "LS0tLS1CRUdJTiBDRVJUSUZJQ0FURS0tLS0tCk1JSURDekNDQWZPZ0F3SUJBZ0lRR3pidW9MajZOVWpwVlpRUlZrWnlJVEFOQmdrcWhraUc5dzBCQVFzRkFEQXYKTVMwd0t3WURWUVFERXlRd1pHSXpNelEzTkMwNE1tWXlMVFE1Wm1RdE9EVXpaaTB5T0RnM01UVmtOekUwT1dZdwpIaGNOTVRrd05ERXdNRGN5TWpRNVdoY05NalF3TkRBNE1EZ3lNalE1V2pBdk1TMHdLd1lEVlFRREV5UXdaR0l6Ck16UTNOQzA0TW1ZeUxUUTVabVF0T0RVelppMHlPRGczTVRWa056RTBPV1l3Z2dFaU1BMEdDU3FHU0liM0RRRUIKQVFVQUE0SUJEd0F3Z2dFS0FvSUJBUUN6Nzk3aXQ4aW5aTEgvSzd5c3dLUTlWRDdmSitiR25ZUDhNS2JIWng2cwo4WkFYM2JuMEVBbTlUSEtxcDZjQkk5b1BKSFp2a1g0VmYxeFBockcxczhDY09KdVV4ODYvNGJVdUduTkJITkxEClFrcmZZZGhpYkFzYytyazBsVXB5a2lZYk44amlNa2hWOCtERnFwdSt5RDZWRHByd2ZrV3R0aEU3WkE2Z3RVaE4KV2hTQ09nZlhwVUpmd3dvQTZvR0FtdW5sS3ZDdmxVMHFjNUZRanlOSW95SVF6YjQxc0swV0VXRTZiZlM4N2FYWgoxVkpXc3VQeHFsZDVyVnJ3QTRXS3RSMWNxR05kb3g3aGsvVzlraEFwZGx6MDdEcFp4VFg4ZEtFZXVUc1NTeEVNCm5nMjlOZ0YwTlBXVkcvL1VvalpxUi92ZUhybUxpUWhDYWRCeGFQVTZSOVh4QWdNQkFBR2pJekFoTUE0R0ExVWQKRHdFQi93UUVBd0lDQkRBUEJnTlZIUk1CQWY4RUJUQURBUUgvTUEwR0NTcUdTSWIzRFFFQkN3VUFBNElCQVFCYgovbHBhSENJTlozSSszY2ZrRTlUMzdJVloveFR0Szh6QStLb1RFTU40VGkvMHRsYXp2aEcwcEhZTXNKTC9odUdaCit0dFA4UzZTS1pQY3NDS0lxdFZUb0RORGYwdzVuQ1ZNcjgvaFFLN2MrWDR5SDdaTWF1Z2xFWDQvMlNGVXNqNFYKOEJ4R1JNTGtYQTBqVGVQNHlzc05UT2pqc3VIVmU1cVlZMWpqY0ppQURmV3VIbFFSU081YlV5Nmg5cDhpcFNZSgpuNWV1RXBpcHd2bStBTkJ5K3E2dVFQSlpjb29sS2hzKzJtc1FibmpWZXptcVFpQk5icG1qaHJtNXJKU0xPbUVsClF5R21tRUxkakxja0YrQUZ2MGxoZ1pVVE9IalBmczVUTzZ0ODZUNHVvQkxJVlcyUE9VblJKQ05ubkRvdVVnTisKcmZneDRqK1IwdE9nN0JiSFRwL3cKLS0tLS1FTkQgQ0VSVElGSUNBVEUtLS0tLQo=",
                            "master_auth.0.password": "I70kE1tLilpDlJbl",
                            "master_auth.0.username": "admin",
                            "master_version": "1.11.7-gke.12",
                            "monitoring_service": "monitoring.googleapis.com",
                            "name": "iac-tutorial-cluster",
                            "network": "default",
                            "network_policy.#": "0",
                            "node_config.#": "1",
                            "node_config.0.disk_size_gb": "100",
                            "node_config.0.image_type": "COS",
                            "node_config.0.labels.%": "0",
                            "node_config.0.local_ssd_count": "0",
                            "node_config.0.machine_type": "n1-standard-1",
                            "node_config.0.metadata.%": "0",
                            "node_config.0.min_cpu_platform": "",
                            "node_config.0.oauth_scopes.#": "4",
                            "node_config.0.oauth_scopes.1277378754": "https://www.googleapis.com/auth/monitoring",
                            "node_config.0.oauth_scopes.1632638332": "https://www.googleapis.com/auth/devstorage.read_only",
                            "node_config.0.oauth_scopes.172152165": "https://www.googleapis.com/auth/logging.write",
                            "node_config.0.oauth_scopes.299962681": "https://www.googleapis.com/auth/compute",
                            "node_config.0.preemptible": "false",
                            "node_config.0.service_account": "default",
                            "node_config.0.tags.#": "1",
                            "node_config.0.tags.0": "iac-kubernetes",
                            "node_pool.#": "1",
                            "node_pool.0.autoscaling.#": "0",
                            "node_pool.0.initial_node_count": "2",
                            "node_pool.0.management.#": "1",
                            "node_pool.0.management.0.auto_repair": "false",
                            "node_pool.0.management.0.auto_upgrade": "false",
                            "node_pool.0.name": "default-pool",
                            "node_pool.0.name_prefix": "",
                            "node_pool.0.node_config.#": "1",
                            "node_pool.0.node_config.0.disk_size_gb": "100",
                            "node_pool.0.node_config.0.image_type": "COS",
                            "node_pool.0.node_config.0.labels.%": "0",
                            "node_pool.0.node_config.0.local_ssd_count": "0",
                            "node_pool.0.node_config.0.machine_type": "n1-standard-1",
                            "node_pool.0.node_config.0.metadata.%": "0",
                            "node_pool.0.node_config.0.min_cpu_platform": "",
                            "node_pool.0.node_config.0.oauth_scopes.#": "4",
                            "node_pool.0.node_config.0.oauth_scopes.1277378754": "https://www.googleapis.com/auth/monitoring",
                            "node_pool.0.node_config.0.oauth_scopes.1632638332": "https://www.googleapis.com/auth/devstorage.read_only",
                            "node_pool.0.node_config.0.oauth_scopes.172152165": "https://www.googleapis.com/auth/logging.write",
                            "node_pool.0.node_config.0.oauth_scopes.299962681": "https://www.googleapis.com/auth/compute",
                            "node_pool.0.node_config.0.preemptible": "false",
                            "node_pool.0.node_config.0.service_account": "default",
                            "node_pool.0.node_config.0.tags.#": "1",
                            "node_pool.0.node_config.0.tags.0": "iac-kubernetes",
                            "node_pool.0.node_count": "2",
                            "node_version": "1.11.7-gke.12",
                            "project": "infrastructure-as-code-237009",
                            "subnetwork": "default",
                            "zone": "europe-west1-b"
                        },
                        "meta": {
                            "e2bfb730-ecaa-11e6-8f88-34363bc7c4c0": {
                                "create": 1800000000000,
                                "delete": 600000000000,
                                "update": 600000000000
                            },
                            "schema_version": "1"
                        },
                        "tainted": false
                    },
                    "deposed": [],
                    "provider": "provider.google"
                }
            },
            "depends_on": []
        }
    ]
}
